
Microsoft Visual Studio Solution File, Format Version 12.00
# Visual Studio 15
VisualStudioVersion = 15.0.27703.2042
MinimumVisualStudioVersion = 10.0.40219.1
Project("{FAE04EC0-301F-11D3-BF4B-00C04F79EFBC}") = "PersonalRazorPage", "PersonalRazorPage\PersonalRazorPage.csproj", "{FCE4807D-800E-48F1-9589-99B40808F9C1}"
EndProject
Global
	GlobalSection(SolutionConfigurationPlatforms) = preSolution
		Debug|Any CPU = Debug|Any CPU
		Release|Any CPU = Release|Any CPU
	EndGlobalSection
	GlobalSection(ProjectConfigurationPlatforms) = postSolution
		{FCE4807D-800E-48F1-9589-99B40808F9C1}.Debug|Any CPU.ActiveCfg = Debug|Any CPU
		{FCE4807D-800E-48F1-9589-99B40808F9C1}.Debug|Any CPU.Build.0 = Debug|Any CPU
		{FCE4807D-800E-48F1-9589-99B40808F9C1}.Release|Any CPU.ActiveCfg = Release|Any CPU
		{FCE4807D-800E-48F1-9589-99B40808F9C1}.Release|Any CPU.Build.0 = Release|Any CPU
	EndGlobalSection
	GlobalSection(SolutionProperties) = preSolution
		HideSolutionNode = FALSE
	EndGlobalSection
	GlobalSection(ExtensibilityGlobals) = postSolution
		SolutionGuid = {4617E356-4E1C-4DF1-AF17-9F5F401C3CB2}
	EndGlobalSection
EndGlobal
